
Microsoft Visual Studio Solution File, Format Version 12.00
# Visual Studio 2013
VisualStudioVersion = 12.0.31101.0
MinimumVisualStudioVersion = 10.0.40219.1
Project("{581633EB-B896-402F-8E60-36F3DA191C85}") = "LsMultiSelect", "LsMultiSelect\LsMultiSelect.lsxtproj", "{190C2DD3-B895-4104-8F67-84D5D8106B27}"
EndProject
Project("{FAE04EC0-301F-11D3-BF4B-00C04F79EFBC}") = "LsMultiSelect.Server", "LsMultiSelect\LsMultiSelect.Server\LsMultiSelect.Server.csproj", "{DD3E8DCD-967B-435D-B438-EF0BF1DFFDEE}"
EndProject
Project("{262852C6-CD72-467D-83FE-5EEB1973A190}") = "LsMultiSelect.HTMLClient", "LsMultiSelect\LsMultiSelect.HTMLClient\LsMultiSelect.HTMLClient.jsproj", "{5FDC3F8F-B781-483F-AEB8-8C6194B55120}"
EndProject
Global
	GlobalSection(SolutionConfigurationPlatforms) = preSolution
		Debug|Any CPU = Debug|Any CPU
		Release|Any CPU = Release|Any CPU
	EndGlobalSection
	GlobalSection(ProjectConfigurationPlatforms) = postSolution
		{190C2DD3-B895-4104-8F67-84D5D8106B27}.Debug|Any CPU.ActiveCfg = Debug|Any CPU
		{190C2DD3-B895-4104-8F67-84D5D8106B27}.Debug|Any CPU.Build.0 = Debug|Any CPU
		{190C2DD3-B895-4104-8F67-84D5D8106B27}.Release|Any CPU.ActiveCfg = Release|Any CPU
		{190C2DD3-B895-4104-8F67-84D5D8106B27}.Release|Any CPU.Build.0 = Release|Any CPU
		{DD3E8DCD-967B-435D-B438-EF0BF1DFFDEE}.Debug|Any CPU.ActiveCfg = Debug|Any CPU
		{DD3E8DCD-967B-435D-B438-EF0BF1DFFDEE}.Debug|Any CPU.Build.0 = Debug|Any CPU
		{DD3E8DCD-967B-435D-B438-EF0BF1DFFDEE}.Release|Any CPU.ActiveCfg = Release|Any CPU
		{DD3E8DCD-967B-435D-B438-EF0BF1DFFDEE}.Release|Any CPU.Build.0 = Release|Any CPU
		{5FDC3F8F-B781-483F-AEB8-8C6194B55120}.Debug|Any CPU.ActiveCfg = Debug|Any CPU
		{5FDC3F8F-B781-483F-AEB8-8C6194B55120}.Debug|Any CPU.Build.0 = Debug|Any CPU
		{5FDC3F8F-B781-483F-AEB8-8C6194B55120}.Release|Any CPU.ActiveCfg = Release|Any CPU
		{5FDC3F8F-B781-483F-AEB8-8C6194B55120}.Release|Any CPU.Build.0 = Release|Any CPU
	EndGlobalSection
	GlobalSection(SolutionProperties) = preSolution
		HideSolutionNode = FALSE
	EndGlobalSection
EndGlobal
